
Microsoft Visual Studio Solution File, Format Version 12.00
# Visual Studio Version 17
VisualStudioVersion = 17.9.34728.123
MinimumVisualStudioVersion = 10.0.40219.1
Project("{FAE04EC0-301F-11D3-BF4B-00C04F79EFBC}") = "OnlineStore.WebApp", "OnlineStore.WebApp\OnlineStore.WebApp.csproj", "{11ADF476-60B4-4896-AE23-A12A433A2889}"
EndProject
Project("{FAE04EC0-301F-11D3-BF4B-00C04F79EFBC}") = "OnlineStore.WebApi", "WebApi\OnlineStore.WebApi.csproj", "{BEB80A4D-E1E1-429D-845C-2933DECBDAAD}"
EndProject
Global
	GlobalSection(SolutionConfigurationPlatforms) = preSolution
		Debug|Any CPU = Debug|Any CPU
		Release|Any CPU = Release|Any CPU
	EndGlobalSection
	GlobalSection(ProjectConfigurationPlatforms) = postSolution
		{11ADF476-60B4-4896-AE23-A12A433A2889}.Debug|Any CPU.ActiveCfg = Debug|Any CPU
		{11ADF476-60B4-4896-AE23-A12A433A2889}.Debug|Any CPU.Build.0 = Debug|Any CPU
		{11ADF476-60B4-4896-AE23-A12A433A2889}.Release|Any CPU.ActiveCfg = Release|Any CPU
		{11ADF476-60B4-4896-AE23-A12A433A2889}.Release|Any CPU.Build.0 = Release|Any CPU
		{BEB80A4D-E1E1-429D-845C-2933DECBDAAD}.Debug|Any CPU.ActiveCfg = Debug|Any CPU
		{BEB80A4D-E1E1-429D-845C-2933DECBDAAD}.Debug|Any CPU.Build.0 = Debug|Any CPU
		{BEB80A4D-E1E1-429D-845C-2933DECBDAAD}.Release|Any CPU.ActiveCfg = Release|Any CPU
		{BEB80A4D-E1E1-429D-845C-2933DECBDAAD}.Release|Any CPU.Build.0 = Release|Any CPU
	EndGlobalSection
	GlobalSection(SolutionProperties) = preSolution
		HideSolutionNode = FALSE
	EndGlobalSection
	GlobalSection(ExtensibilityGlobals) = postSolution
		SolutionGuid = {4AFC6D75-517A-4A18-92AF-AB99AECE1DA5}
	EndGlobalSection
EndGlobal
